
Microsoft Visual Studio Solution File, Format Version 12.00
# Visual Studio 15
VisualStudioVersion = 15.0.28010.2016
MinimumVisualStudioVersion = 10.0.40219.1
Project("{8BC9CEB8-8B4A-11D0-8D11-00A0C91BC942}") = "segmentation_demo_v1.0.0", "segmentation_demo_v1.0.0\segmentation_demo_v1.0.0.vcxproj", "{B08E6CCD-1C97-445C-8016-5388D6F40D6B}"
EndProject
Global
	GlobalSection(SolutionConfigurationPlatforms) = preSolution
		Debug|x64 = Debug|x64
		Debug|x86 = Debug|x86
		Release|x64 = Release|x64
		Release|x86 = Release|x86
	EndGlobalSection
	GlobalSection(ProjectConfigurationPlatforms) = postSolution
		{B08E6CCD-1C97-445C-8016-5388D6F40D6B}.Debug|x64.ActiveCfg = Debug|x64
		{B08E6CCD-1C97-445C-8016-5388D6F40D6B}.Debug|x64.Build.0 = Debug|x64
		{B08E6CCD-1C97-445C-8016-5388D6F40D6B}.Debug|x86.ActiveCfg = Debug|Win32
		{B08E6CCD-1C97-445C-8016-5388D6F40D6B}.Debug|x86.Build.0 = Debug|Win32
		{B08E6CCD-1C97-445C-8016-5388D6F40D6B}.Release|x64.ActiveCfg = Release|x64
		{B08E6CCD-1C97-445C-8016-5388D6F40D6B}.Release|x64.Build.0 = Release|x64
		{B08E6CCD-1C97-445C-8016-5388D6F40D6B}.Release|x86.ActiveCfg = Release|Win32
		{B08E6CCD-1C97-445C-8016-5388D6F40D6B}.Release|x86.Build.0 = Release|Win32
	EndGlobalSection
	GlobalSection(SolutionProperties) = preSolution
		HideSolutionNode = FALSE
	EndGlobalSection
	GlobalSection(ExtensibilityGlobals) = postSolution
		SolutionGuid = {CBCC9D10-A0B1-4B5E-9E7B-B51CB70E7E8B}
	EndGlobalSection
EndGlobal
